
Microsoft Visual Studio Solution File, Format Version 12.00
# Visual Studio Version 16
VisualStudioVersion = 16.0.31424.327
MinimumVisualStudioVersion = 10.0.40219.1
Project("{2150E333-8FDC-42A3-9474-1A3956D46DE8}") = "Services", "Services", "{6B2C558E-AF71-4AC4-AB1D-B08FB08A5A50}"
EndProject
Project("{2150E333-8FDC-42A3-9474-1A3956D46DE8}") = "Catalog", "Catalog", "{7CF636E0-E002-492B-9069-4B609ED1895F}"
EndProject
Project("{9A19103F-16F7-4668-BE54-9A1E7A4F7556}") = "Catalog.API", "Services\Catalog\Catalog.API\Catalog.API.csproj", "{4B507080-B661-4B9D-91D1-8788D7467ABC}"
EndProject
Project("{E53339B2-1760-4266-BCC7-CA923CBCF16C}") = "docker-compose", "docker-compose.dcproj", "{A19E2E95-68E3-45E8-9FFE-3BC991761ED2}"
EndProject
Project("{2150E333-8FDC-42A3-9474-1A3956D46DE8}") = "Basket", "Basket", "{46CF734D-B54F-4EB8-9ACE-28B9173A03FC}"
EndProject
Project("{9A19103F-16F7-4668-BE54-9A1E7A4F7556}") = "Basket.API", "Services\Basket\Basket.API\Basket.API.csproj", "{9EBDC552-25F8-440E-9006-D534B3069D22}"
EndProject
Project("{2150E333-8FDC-42A3-9474-1A3956D46DE8}") = "Discount", "Discount", "{C13FDA95-3744-4886-8577-5284634D94C1}"
EndProject
Project("{9A19103F-16F7-4668-BE54-9A1E7A4F7556}") = "Discount.API", "Services\Discount\Discount.API\Discount.API.csproj", "{7F01E098-78AA-443C-BC97-1ECCBAC63862}"
EndProject
Project("{FAE04EC0-301F-11D3-BF4B-00C04F79EFBC}") = "Discount.Grpc", "Services\Discount\Discount.Grpc\Discount.Grpc.csproj", "{E8E66DF3-9F3A-4A90-86BF-A7137108793A}"
EndProject
Global
	GlobalSection(SolutionConfigurationPlatforms) = preSolution
		Debug|Any CPU = Debug|Any CPU
		Release|Any CPU = Release|Any CPU
	EndGlobalSection
	GlobalSection(ProjectConfigurationPlatforms) = postSolution
		{4B507080-B661-4B9D-91D1-8788D7467ABC}.Debug|Any CPU.ActiveCfg = Debug|Any CPU
		{4B507080-B661-4B9D-91D1-8788D7467ABC}.Debug|Any CPU.Build.0 = Debug|Any CPU
		{4B507080-B661-4B9D-91D1-8788D7467ABC}.Release|Any CPU.ActiveCfg = Release|Any CPU
		{4B507080-B661-4B9D-91D1-8788D7467ABC}.Release|Any CPU.Build.0 = Release|Any CPU
		{A19E2E95-68E3-45E8-9FFE-3BC991761ED2}.Debug|Any CPU.ActiveCfg = Debug|Any CPU
		{A19E2E95-68E3-45E8-9FFE-3BC991761ED2}.Debug|Any CPU.Build.0 = Debug|Any CPU
		{A19E2E95-68E3-45E8-9FFE-3BC991761ED2}.Release|Any CPU.ActiveCfg = Release|Any CPU
		{A19E2E95-68E3-45E8-9FFE-3BC991761ED2}.Release|Any CPU.Build.0 = Release|Any CPU
		{9EBDC552-25F8-440E-9006-D534B3069D22}.Debug|Any CPU.ActiveCfg = Debug|Any CPU
		{9EBDC552-25F8-440E-9006-D534B3069D22}.Debug|Any CPU.Build.0 = Debug|Any CPU
		{9EBDC552-25F8-440E-9006-D534B3069D22}.Release|Any CPU.ActiveCfg = Release|Any CPU
		{9EBDC552-25F8-440E-9006-D534B3069D22}.Release|Any CPU.Build.0 = Release|Any CPU
		{7F01E098-78AA-443C-BC97-1ECCBAC63862}.Debug|Any CPU.ActiveCfg = Debug|Any CPU
		{7F01E098-78AA-443C-BC97-1ECCBAC63862}.Debug|Any CPU.Build.0 = Debug|Any CPU
		{7F01E098-78AA-443C-BC97-1ECCBAC63862}.Release|Any CPU.ActiveCfg = Release|Any CPU
		{7F01E098-78AA-443C-BC97-1ECCBAC63862}.Release|Any CPU.Build.0 = Release|Any CPU
		{E8E66DF3-9F3A-4A90-86BF-A7137108793A}.Debug|Any CPU.ActiveCfg = Debug|Any CPU
		{E8E66DF3-9F3A-4A90-86BF-A7137108793A}.Debug|Any CPU.Build.0 = Debug|Any CPU
		{E8E66DF3-9F3A-4A90-86BF-A7137108793A}.Release|Any CPU.ActiveCfg = Release|Any CPU
		{E8E66DF3-9F3A-4A90-86BF-A7137108793A}.Release|Any CPU.Build.0 = Release|Any CPU
	EndGlobalSection
	GlobalSection(SolutionProperties) = preSolution
		HideSolutionNode = FALSE
	EndGlobalSection
	GlobalSection(NestedProjects) = preSolution
		{7CF636E0-E002-492B-9069-4B609ED1895F} = {6B2C558E-AF71-4AC4-AB1D-B08FB08A5A50}
		{4B507080-B661-4B9D-91D1-8788D7467ABC} = {7CF636E0-E002-492B-9069-4B609ED1895F}
		{46CF734D-B54F-4EB8-9ACE-28B9173A03FC} = {6B2C558E-AF71-4AC4-AB1D-B08FB08A5A50}
		{9EBDC552-25F8-440E-9006-D534B3069D22} = {46CF734D-B54F-4EB8-9ACE-28B9173A03FC}
		{C13FDA95-3744-4886-8577-5284634D94C1} = {6B2C558E-AF71-4AC4-AB1D-B08FB08A5A50}
		{7F01E098-78AA-443C-BC97-1ECCBAC63862} = {C13FDA95-3744-4886-8577-5284634D94C1}
		{E8E66DF3-9F3A-4A90-86BF-A7137108793A} = {C13FDA95-3744-4886-8577-5284634D94C1}
	EndGlobalSection
	GlobalSection(ExtensibilityGlobals) = postSolution
		SolutionGuid = {02B68D9A-8E0A-4855-9AE4-52BDAA755BC4}
	EndGlobalSection
EndGlobal
